{
	"name": "postcss-font-magician",
	"version": "4.0.0",
	"lockfileVersion": 3,
	"requires": true,
	"packages": {
		"": {
			"name": "postcss-font-magician",
			"version": "4.0.0",
			"license": "CC0-1.0",
			"dependencies": {
				"directory-fonts-complete": "^1.2.0",
				"google-fonts-complete": "^2.1.1"
			},
			"devDependencies": {
				"@csstools/postcss-tape": "^4.1.2"
			},
			"engines": {
				"node": ">=18"
			},
			"peerDependencies": {
				"postcss": "^8.0.0"
			}
		},
		"node_modules/@csstools/postcss-tape": {
			"version": "4.1.2",
			"resolved": "https://registry.npmjs.org/@csstools/postcss-tape/-/postcss-tape-4.1.2.tgz",
			"integrity": "sha512-IefT08J7+6IhKRxJxhGpGuQxLjxEuLY2Vx7IRc1/NHFQlg7DakoOtn03LGc6PReoXTpEtpSmxI+clNdLtEsKOA==",
			"dev": true,
			"funding": [
				{
					"type": "github",
					"url": "https://github.com/sponsors/csstools"
				},
				{
					"type": "opencollective",
					"url": "https://opencollective.com/csstools"
				}
			],
			"dependencies": {
				"postcss": "~8.4",
				"postcss-8.4": "npm:postcss@~8.4"
			},
			"engines": {
				"node": "^14 || ^16 || >=18"
			}
		},
		"node_modules/b3b": {
			"version": "0.0.1",
			"resolved": "https://registry.npmjs.org/b3b/-/b3b-0.0.1.tgz",
			"integrity": "sha512-wWUK79hNEsHN1PTHwHsGYpTNupgaovM39g6374uoIL1gfVSwK2q9flM1DFyvSEYkELRWf5aMGSf7bkGGNSl0Jw=="
		},
		"node_modules/base64-js": {
			"version": "1.5.1",
			"resolved": "https://registry.npmjs.org/base64-js/-/base64-js-1.5.1.tgz",
			"integrity": "sha512-AKpaYlHn8t4SVbOHCy+b5+KKgvR4vrsD8vbvrbiQJps7fKDTkjkDry6ji0rUJjC0kzbNePLwzxq8iypo41qeWA==",
			"funding": [
				{
					"type": "github",
					"url": "https://github.com/sponsors/feross"
				},
				{
					"type": "patreon",
					"url": "https://www.patreon.com/feross"
				},
				{
					"type": "consulting",
					"url": "https://feross.org/support"
				}
			]
		},
		"node_modules/brotli": {
			"version": "1.3.3",
			"resolved": "https://registry.npmjs.org/brotli/-/brotli-1.3.3.tgz",
			"integrity": "sha512-oTKjJdShmDuGW94SyyaoQvAjf30dZaHnjJ8uAF+u2/vGJkJbJPJAT1gDiOJP5v1Zb6f9KEyW/1HpuaWIXtGHPg==",
			"dependencies": {
				"base64-js": "^1.1.2"
			}
		},
		"node_modules/directory-fonts-complete": {
			"version": "1.2.0",
			"resolved": "https://registry.npmjs.org/directory-fonts-complete/-/directory-fonts-complete-1.2.0.tgz",
			"integrity": "sha512-/d3kxZmVS+2v774mZ9SoU7H93TsAvQNpf4s/guQTva3pQSxtwUWN9dSF+Zls7sfA8ybReuR92SQMhxxUTSIGvA==",
			"dependencies": {
				"brotli": "^1.3.2",
				"is-eot": "^1.0.0",
				"is-otf": "^0.1.1",
				"is-ttf": "^0.2.1",
				"is-woff": "^1.0.1",
				"is-woff2": "^1.0.0"
			}
		},
		"node_modules/google-fonts-complete": {
			"version": "2.2.3",
			"resolved": "https://registry.npmjs.org/google-fonts-complete/-/google-fonts-complete-2.2.3.tgz",
			"integrity": "sha512-/0EkrmRkh4qdNmlcM55LU6fRp2pdF2tvWA908wqx0cWxzAP3FSNKAZg8SxjynGhkhiPQeM7UxH659cGYbFz3EQ==",
			"peerDependencies": {
				"postcss": "^8.0.0"
			}
		},
		"node_modules/is-eot": {
			"version": "1.0.0",
			"resolved": "https://registry.npmjs.org/is-eot/-/is-eot-1.0.0.tgz",
			"integrity": "sha512-hPQF4rLYEe9VGVGr6aGrc0Yf5s8MOaEsY8SUi/IySicowWu10/Cr60+JVsVEl7v2MD+TbhwBWjudCK6OycPr7g==",
			"engines": {
				"node": ">=0.10.0"
			}
		},
		"node_modules/is-otf": {
			"version": "0.1.2",
			"resolved": "https://registry.npmjs.org/is-otf/-/is-otf-0.1.2.tgz",
			"integrity": "sha512-0usgFT/986IQ0zFN4iQUKebPpHNAwA34f8qQC+Y8L1R379odRzS4pc1GCqBRL6P6AlGUoK/0/GYY6AYgD0anRA==",
			"dependencies": {
				"b3b": "0.0.1"
			},
			"engines": {
				"node": ">=0.10.0"
			}
		},
		"node_modules/is-ttf": {
			"version": "0.2.2",
			"resolved": "https://registry.npmjs.org/is-ttf/-/is-ttf-0.2.2.tgz",
			"integrity": "sha512-0NWCiYnyH8gvyBkLcnG8nBBgz6ZqFqgSS37jTTQKGF/y7Wrf6KKr9EmW7ExcxFoE0WU1mKcnMElRf9QOUNxAmQ==",
			"dependencies": {
				"b3b": "0.0.1"
			},
			"engines": {
				"node": ">=0.10.0"
			}
		},
		"node_modules/is-woff": {
			"version": "1.0.3",
			"resolved": "https://registry.npmjs.org/is-woff/-/is-woff-1.0.3.tgz",
			"integrity": "sha512-gm8k3MyCWQaum1kE91X8GYPuUIS/SeBleKfi85Oszeqn2pHNSY4TP5AUKFCLTaruX2HzLv9dQmS8+N8vDJtrQA==",
			"engines": {
				"node": ">=0.10.0"
			}
		},
		"node_modules/is-woff2": {
			"version": "1.0.0",
			"resolved": "https://registry.npmjs.org/is-woff2/-/is-woff2-1.0.0.tgz",
			"integrity": "sha512-7RmH5rCoOpB0FpHtMHuQOXZjWyaFoCHmjCA72DlyHQ5SAVZC0/RDhhs/88Dzucr5qyU4eA0QvDbiW56IarjsnQ==",
			"engines": {
				"node": ">=0.10.0"
			}
		},
		"node_modules/nanoid": {
			"version": "3.3.8",
			"resolved": "https://registry.npmjs.org/nanoid/-/nanoid-3.3.8.tgz",
			"integrity": "sha512-WNLf5Sd8oZxOm+TzppcYk8gVOgP+l58xNy58D0nbUnOxOWRWvlcCV4kUF7ltmI6PsrLl/BgKEyS4mqsGChFN0w==",
			"funding": [
				{
					"type": "github",
					"url": "https://github.com/sponsors/ai"
				}
			],
			"bin": {
				"nanoid": "bin/nanoid.cjs"
			},
			"engines": {
				"node": "^10 || ^12 || ^13.7 || ^14 || >=15.0.1"
			}
		},
		"node_modules/picocolors": {
			"version": "1.0.0",
			"resolved": "https://registry.npmjs.org/picocolors/-/picocolors-1.0.0.tgz",
			"integrity": "sha512-1fygroTLlHu66zi26VoTDv8yRgm0Fccecssto+MhsZ0D/DGW2sm8E8AjW7NU5VVTRt5GxbeZ5qBuJr+HyLYkjQ=="
		},
		"node_modules/postcss": {
			"version": "8.4.35",
			"resolved": "https://registry.npmjs.org/postcss/-/postcss-8.4.35.tgz",
			"integrity": "sha512-u5U8qYpBCpN13BsiEB0CbR1Hhh4Gc0zLFuedrHJKMctHCHAGrMdG0PRM/KErzAL3CU6/eckEtmHNB3x6e3c0vA==",
			"funding": [
				{
					"type": "opencollective",
					"url": "https://opencollective.com/postcss/"
				},
				{
					"type": "tidelift",
					"url": "https://tidelift.com/funding/github/npm/postcss"
				},
				{
					"type": "github",
					"url": "https://github.com/sponsors/ai"
				}
			],
			"dependencies": {
				"nanoid": "^3.3.7",
				"picocolors": "^1.0.0",
				"source-map-js": "^1.0.2"
			},
			"engines": {
				"node": "^10 || ^12 || >=14"
			}
		},
		"node_modules/postcss-8.4": {
			"name": "postcss",
			"version": "8.4.35",
			"resolved": "https://registry.npmjs.org/postcss/-/postcss-8.4.35.tgz",
			"integrity": "sha512-u5U8qYpBCpN13BsiEB0CbR1Hhh4Gc0zLFuedrHJKMctHCHAGrMdG0PRM/KErzAL3CU6/eckEtmHNB3x6e3c0vA==",
			"dev": true,
			"funding": [
				{
					"type": "opencollective",
					"url": "https://opencollective.com/postcss/"
				},
				{
					"type": "tidelift",
					"url": "https://tidelift.com/funding/github/npm/postcss"
				},
				{
					"type": "github",
					"url": "https://github.com/sponsors/ai"
				}
			],
			"dependencies": {
				"nanoid": "^3.3.7",
				"picocolors": "^1.0.0",
				"source-map-js": "^1.0.2"
			},
			"engines": {
				"node": "^10 || ^12 || >=14"
			}
		},
		"node_modules/source-map-js": {
			"version": "1.0.2",
			"resolved": "https://registry.npmjs.org/source-map-js/-/source-map-js-1.0.2.tgz",
			"integrity": "sha512-R0XvVJ9WusLiqTCEiGCmICCMplcCkIwwR11mOSD9CR5u+IXYdiseeEuXCVAjS54zqwkLcPNnmU4OeJ6tUrWhDw==",
			"engines": {
				"node": ">=0.10.0"
			}
		}
	}
}
